
Microsoft Visual Studio Solution File, Format Version 12.00
# Visual Studio Version 17
VisualStudioVersion = 17.1.32421.90
MinimumVisualStudioVersion = 10.0.40219.1
Project("{778DAE3C-4631-46EA-AA77-85C1314464D9}") = "TechnomagesOfSPLORR", "TechnomagesOfSPLORR\TechnomagesOfSPLORR.vbproj", "{30226A49-4CA9-490B-B474-9C3B43B3B81D}"
EndProject
Project("{2150E333-8FDC-42A3-9474-1A3956D46DE8}") = "Stuff", "Stuff", "{723A3561-8EBD-401C-A2F4-95414D3059DF}"
	ProjectSection(SolutionItems) = preProject
		..\pub-windows\.itch.toml = ..\pub-windows\.itch.toml
		..\README.md = ..\README.md
		..\shippit.sh = ..\shippit.sh
	EndProjectSection
EndProject
Project("{778DAE3C-4631-46EA-AA77-85C1314464D9}") = "SPLORR.Data", "SPLORR.Data\SPLORR.Data.vbproj", "{0223DFA3-B2F8-46F0-B9AA-CAD866B73C66}"
EndProject
Project("{778DAE3C-4631-46EA-AA77-85C1314464D9}") = "SPLORR.Game", "SPLORR.Game\SPLORR.Game.vbproj", "{8BE2056C-D9B3-42B8-AAB3-8E5CE2426D43}"
EndProject
Project("{778DAE3C-4631-46EA-AA77-85C1314464D9}") = "TOS.Data", "TOS.Data\TOS.Data.vbproj", "{61BAF3F6-EA7E-4B8C-8B2A-8FDC45D13792}"
EndProject
Project("{778DAE3C-4631-46EA-AA77-85C1314464D9}") = "TOS.Game", "TOS.Game\TOS.Game.vbproj", "{EE4D0A99-67BF-4F75-BEA7-E9DB2BF7C38F}"
EndProject
Project("{2150E333-8FDC-42A3-9474-1A3956D46DE8}") = "Common", "Common", "{77B11C62-4B4D-4D14-A60F-A01E1B513AA1}"
EndProject
Project("{F184B08F-C81C-45F6-A57F-5ABD9991F28F}") = "TOS.Editor", "TOS.Editor\TOS.Editor.vbproj", "{89075F48-F2F1-4AAA-B5D7-3E8F0EBECB81}"
EndProject
Global
	GlobalSection(SolutionConfigurationPlatforms) = preSolution
		Debug|Any CPU = Debug|Any CPU
		Release|Any CPU = Release|Any CPU
	EndGlobalSection
	GlobalSection(ProjectConfigurationPlatforms) = postSolution
		{30226A49-4CA9-490B-B474-9C3B43B3B81D}.Debug|Any CPU.ActiveCfg = Debug|Any CPU
		{30226A49-4CA9-490B-B474-9C3B43B3B81D}.Debug|Any CPU.Build.0 = Debug|Any CPU
		{30226A49-4CA9-490B-B474-9C3B43B3B81D}.Release|Any CPU.ActiveCfg = Release|Any CPU
		{30226A49-4CA9-490B-B474-9C3B43B3B81D}.Release|Any CPU.Build.0 = Release|Any CPU
		{0223DFA3-B2F8-46F0-B9AA-CAD866B73C66}.Debug|Any CPU.ActiveCfg = Debug|Any CPU
		{0223DFA3-B2F8-46F0-B9AA-CAD866B73C66}.Debug|Any CPU.Build.0 = Debug|Any CPU
		{0223DFA3-B2F8-46F0-B9AA-CAD866B73C66}.Release|Any CPU.ActiveCfg = Release|Any CPU
		{0223DFA3-B2F8-46F0-B9AA-CAD866B73C66}.Release|Any CPU.Build.0 = Release|Any CPU
		{8BE2056C-D9B3-42B8-AAB3-8E5CE2426D43}.Debug|Any CPU.ActiveCfg = Debug|Any CPU
		{8BE2056C-D9B3-42B8-AAB3-8E5CE2426D43}.Debug|Any CPU.Build.0 = Debug|Any CPU
		{8BE2056C-D9B3-42B8-AAB3-8E5CE2426D43}.Release|Any CPU.ActiveCfg = Release|Any CPU
		{8BE2056C-D9B3-42B8-AAB3-8E5CE2426D43}.Release|Any CPU.Build.0 = Release|Any CPU
		{61BAF3F6-EA7E-4B8C-8B2A-8FDC45D13792}.Debug|Any CPU.ActiveCfg = Debug|Any CPU
		{61BAF3F6-EA7E-4B8C-8B2A-8FDC45D13792}.Debug|Any CPU.Build.0 = Debug|Any CPU
		{61BAF3F6-EA7E-4B8C-8B2A-8FDC45D13792}.Release|Any CPU.ActiveCfg = Release|Any CPU
		{61BAF3F6-EA7E-4B8C-8B2A-8FDC45D13792}.Release|Any CPU.Build.0 = Release|Any CPU
		{EE4D0A99-67BF-4F75-BEA7-E9DB2BF7C38F}.Debug|Any CPU.ActiveCfg = Debug|Any CPU
		{EE4D0A99-67BF-4F75-BEA7-E9DB2BF7C38F}.Debug|Any CPU.Build.0 = Debug|Any CPU
		{EE4D0A99-67BF-4F75-BEA7-E9DB2BF7C38F}.Release|Any CPU.ActiveCfg = Release|Any CPU
		{EE4D0A99-67BF-4F75-BEA7-E9DB2BF7C38F}.Release|Any CPU.Build.0 = Release|Any CPU
		{89075F48-F2F1-4AAA-B5D7-3E8F0EBECB81}.Debug|Any CPU.ActiveCfg = Debug|Any CPU
		{89075F48-F2F1-4AAA-B5D7-3E8F0EBECB81}.Debug|Any CPU.Build.0 = Debug|Any CPU
		{89075F48-F2F1-4AAA-B5D7-3E8F0EBECB81}.Release|Any CPU.ActiveCfg = Release|Any CPU
		{89075F48-F2F1-4AAA-B5D7-3E8F0EBECB81}.Release|Any CPU.Build.0 = Release|Any CPU
	EndGlobalSection
	GlobalSection(SolutionProperties) = preSolution
		HideSolutionNode = FALSE
	EndGlobalSection
	GlobalSection(NestedProjects) = preSolution
		{0223DFA3-B2F8-46F0-B9AA-CAD866B73C66} = {77B11C62-4B4D-4D14-A60F-A01E1B513AA1}
		{8BE2056C-D9B3-42B8-AAB3-8E5CE2426D43} = {77B11C62-4B4D-4D14-A60F-A01E1B513AA1}
	EndGlobalSection
	GlobalSection(ExtensibilityGlobals) = postSolution
		SolutionGuid = {E9A8B66E-1795-4EA4-8D7C-8D0B73DD1B5D}
	EndGlobalSection
EndGlobal
